<?xml version="1.0" encoding="utf-8"?>
<Project ToolsVersion="4.0" xmlns="http://schemas.microsoft.com/developer/msbuild/2003">
  <ItemGroup>
    <Filter Include="Исходные файлы">
      <UniqueIdentifier>{4FC737F1-C7A5-4376-A066-2A32D752A2FF}</UniqueIdentifier>
      <Extensions>cpp;c;cc;cxx;c++;cppm;ixx;def;odl;idl;hpj;bat;asm;asmx</Extensions>
    </Filter>
    <Filter Include="Файлы заголовков">
      <UniqueIdentifier>{93995380-89BD-4b04-88EB-625FBE52EBFB}</UniqueIdentifier>
      <Extensions>h;hh;hpp;hxx;h++;hm;inl;inc;ipp;xsd</Extensions>
    </Filter>
    <Filter Include="Файлы ресурсов">
      <UniqueIdentifier>{67DA6AB6-F800-4c08-8B7A-83BB121AAD01}</UniqueIdentifier>
      <Extensions>rc;ico;cur;bmp;dlg;rc2;rct;bin;rgs;gif;jpg;jpeg;jpe;resx;tiff;tif;png;wav;mfcribbon-ms</Extensions>
    </Filter>
  </ItemGroup>
  <ItemGroup>
    <ClCompile Include="main.cpp">
      <Filter>Исходные файлы</Filter>
    </ClCompile>
    <ClCompile Include="yaracpp\yara_rule.cpp">
      <Filter>Исходные файлы</Filter>
    </ClCompile>
    <ClCompile Include="yaracpp\yara_meta.cpp">
      <Filter>Исходные файлы</Filter>
    </ClCompile>
    <ClCompile Include="yaracpp\yara_match.cpp">
      <Filter>Исходные файлы</Filter>
    </ClCompile>
    <ClCompile Include="yaracpp\yara_detector.cpp">
      <Filter>Исходные файлы</Filter>
    </ClCompile>
    <ClCompile Include="libyara\include\yara\rules.c">
      <Filter>Исходные файлы</Filter>
    </ClCompile>
    <ClCompile Include="libyara\include\yara\mem.c">
      <Filter>Исходные файлы</Filter>
    </ClCompile>
    <ClCompile Include="libyara\include\yara\ahocorasick.c">
      <Filter>Исходные файлы</Filter>
    </ClCompile>
    <ClCompile Include="libyara\include\yara\arena.c">
      <Filter>Исходные файлы</Filter>
    </ClCompile>
    <ClCompile Include="libyara\include\yara\atoms.c">
      <Filter>Исходные файлы</Filter>
    </ClCompile>
    <ClCompile Include="libyara\include\yara\base64.c">
      <Filter>Исходные файлы</Filter>
    </ClCompile>
    <ClCompile Include="libyara\include\yara\bitmask.c">
      <Filter>Исходные файлы</Filter>
    </ClCompile>
    <ClCompile Include="libyara\include\yara\compiler.c">
      <Filter>Исходные файлы</Filter>
    </ClCompile>
    <ClCompile Include="libyara\include\yara\endian.c">
      <Filter>Исходные файлы</Filter>
    </ClCompile>
    <ClCompile Include="libyara\include\yara\exec.c">
      <Filter>Исходные файлы</Filter>
    </ClCompile>
    <ClCompile Include="libyara\include\yara\exefiles.c">
      <Filter>Исходные файлы</Filter>
    </ClCompile>
    <ClCompile Include="libyara\include\yara\filemap.c">
      <Filter>Исходные файлы</Filter>
    </ClCompile>
    <ClCompile Include="libyara\include\yara\grammar.c">
      <Filter>Исходные файлы</Filter>
    </ClCompile>
    <ClCompile Include="libyara\include\yara\hash.c">
      <Filter>Исходные файлы</Filter>
    </ClCompile>
    <ClCompile Include="libyara\include\yara\hex_grammar.c">
      <Filter>Исходные файлы</Filter>
    </ClCompile>
    <ClCompile Include="libyara\include\yara\hex_lexer.c">
      <Filter>Исходные файлы</Filter>
    </ClCompile>
    <ClCompile Include="libyara\include\yara\lexer.c">
      <Filter>Исходные файлы</Filter>
    </ClCompile>
    <ClCompile Include="libyara\include\yara\libyara.c">
      <Filter>Исходные файлы</Filter>
    </ClCompile>
    <ClCompile Include="libyara\include\yara\notebook.c">
      <Filter>Исходные файлы</Filter>
    </ClCompile>
    <ClCompile Include="libyara\include\yara\object.c">
      <Filter>Исходные файлы</Filter>
    </ClCompile>
    <ClCompile Include="libyara\include\yara\parser.c">
      <Filter>Исходные файлы</Filter>
    </ClCompile>
    <ClCompile Include="libyara\include\yara\proc.c">
      <Filter>Исходные файлы</Filter>
    </ClCompile>
    <ClCompile Include="libyara\include\yara\re.c">
      <Filter>Исходные файлы</Filter>
    </ClCompile>
    <ClCompile Include="libyara\include\yara\re_lexer.c">
      <Filter>Исходные файлы</Filter>
    </ClCompile>
    <ClCompile Include="libyara\include\yara\re_grammar.c">
      <Filter>Исходные файлы</Filter>
    </ClCompile>
    <ClCompile Include="libyara\include\yara\scan.c">
      <Filter>Исходные файлы</Filter>
    </ClCompile>
    <ClCompile Include="libyara\include\yara\scanner.c">
      <Filter>Исходные файлы</Filter>
    </ClCompile>
    <ClCompile Include="libyara\include\yara\simple_str.c">
      <Filter>Исходные файлы</Filter>
    </ClCompile>
    <ClCompile Include="libyara\include\yara\sizedstr.c">
      <Filter>Исходные файлы</Filter>
    </ClCompile>
    <ClCompile Include="libyara\include\yara\threading.c">
      <Filter>Исходные файлы</Filter>
    </ClCompile>
    <ClCompile Include="libyara\include\yara\strutils.c">
      <Filter>Исходные файлы</Filter>
    </ClCompile>
    <ClCompile Include="libyara\include\yara\stream.c">
      <Filter>Исходные файлы</Filter>
    </ClCompile>
    <ClCompile Include="libyara\include\yara\stopwatch.c">
      <Filter>Исходные файлы</Filter>
    </ClCompile>
    <ClCompile Include="libyara\include\yara\stack.c">
      <Filter>Исходные файлы</Filter>
    </ClCompile>
    <ClCompile Include="libyara\include\yara\windows.c">
      <Filter>Исходные файлы</Filter>
    </ClCompile>
    <ClCompile Include="libyara\include\yara\modules.c">
      <Filter>Исходные файлы</Filter>
    </ClCompile>
    <ClCompile Include="libyara\modules\string\string.c">
      <Filter>Исходные файлы</Filter>
    </ClCompile>
    <ClCompile Include="libyara\modules\pe\pe.c">
      <Filter>Исходные файлы</Filter>
    </ClCompile>
    <ClCompile Include="libyara\modules\pe\pe_utils.c">
      <Filter>Исходные файлы</Filter>
    </ClCompile>
    <ClCompile Include="libyara\modules\dotnet\dotnet.c">
      <Filter>Исходные файлы</Filter>
    </ClCompile>
    <ClCompile Include="libyara\modules\hash\hash.c">
      <Filter>Исходные файлы</Filter>
    </ClCompile>
    <ClCompile Include="libyara\modules\hash\hash_module.c">
      <Filter>Исходные файлы</Filter>
    </ClCompile>
  </ItemGroup>
  <ItemGroup>
    <ClInclude Include="global.hpp">
      <Filter>Файлы заголовков</Filter>
    </ClInclude>
    <ClInclude Include="yaracpp\yara_detector.h">
      <Filter>Файлы заголовков</Filter>
    </ClInclude>
    <ClInclude Include="yaracpp\yara_rule.h">
      <Filter>Файлы заголовков</Filter>
    </ClInclude>
    <ClInclude Include="yaracpp\yara_meta.h">
      <Filter>Файлы заголовков</Filter>
    </ClInclude>
    <ClInclude Include="yaracpp\yara_match.h">
      <Filter>Файлы заголовков</Filter>
    </ClInclude>
    <ClInclude Include="libyara\include\yara\utils.h">
      <Filter>Файлы заголовков</Filter>
    </ClInclude>
    <ClInclude Include="libyara\include\yara\unaligned.h">
      <Filter>Файлы заголовков</Filter>
    </ClInclude>
    <ClInclude Include="libyara\include\yara\types.h">
      <Filter>Файлы заголовков</Filter>
    </ClInclude>
    <ClInclude Include="libyara\include\yara\threading.h">
      <Filter>Файлы заголовков</Filter>
    </ClInclude>
    <ClInclude Include="libyara\include\yara\strutils.h">
      <Filter>Файлы заголовков</Filter>
    </ClInclude>
    <ClInclude Include="libyara\include\yara\stream.h">
      <Filter>Файлы заголовков</Filter>
    </ClInclude>
    <ClInclude Include="libyara\include\yara\stopwatch.h">
      <Filter>Файлы заголовков</Filter>
    </ClInclude>
    <ClInclude Include="libyara\include\yara\stack.h">
      <Filter>Файлы заголовков</Filter>
    </ClInclude>
    <ClInclude Include="libyara\include\yara\simple_str.h">
      <Filter>Файлы заголовков</Filter>
    </ClInclude>
    <ClInclude Include="libyara\include\yara\sizedstr.h">
      <Filter>Файлы заголовков</Filter>
    </ClInclude>
    <ClInclude Include="libyara\include\yara\scanner.h">
      <Filter>Файлы заголовков</Filter>
    </ClInclude>
    <ClInclude Include="libyara\include\yara\scan.h">
      <Filter>Файлы заголовков</Filter>
    </ClInclude>
    <ClInclude Include="libyara\include\yara\rules.h">
      <Filter>Файлы заголовков</Filter>
    </ClInclude>
    <ClInclude Include="libyara\include\yara\re_lexer.h">
      <Filter>Файлы заголовков</Filter>
    </ClInclude>
    <ClInclude Include="libyara\include\yara\re.h">
      <Filter>Файлы заголовков</Filter>
    </ClInclude>
    <ClInclude Include="libyara\include\yara\ahocorasick.h">
      <Filter>Файлы заголовков</Filter>
    </ClInclude>
    <ClInclude Include="libyara\include\yara\arena.h">
      <Filter>Файлы заголовков</Filter>
    </ClInclude>
    <ClInclude Include="libyara\include\yara\atoms.h">
      <Filter>Файлы заголовков</Filter>
    </ClInclude>
    <ClInclude Include="libyara\include\yara\base64.h">
      <Filter>Файлы заголовков</Filter>
    </ClInclude>
    <ClInclude Include="libyara\include\yara\bitmask.h">
      <Filter>Файлы заголовков</Filter>
    </ClInclude>
    <ClInclude Include="libyara\include\yara\dotnet.h">
      <Filter>Файлы заголовков</Filter>
    </ClInclude>
    <ClInclude Include="libyara\include\yara\dex.h">
      <Filter>Файлы заголовков</Filter>
    </ClInclude>
    <ClInclude Include="libyara\include\yara\compiler.h">
      <Filter>Файлы заголовков</Filter>
    </ClInclude>
    <ClInclude Include="libyara\include\yara\elf.h">
      <Filter>Файлы заголовков</Filter>
    </ClInclude>
    <ClInclude Include="libyara\include\yara\elf_utils.h">
      <Filter>Файлы заголовков</Filter>
    </ClInclude>
    <ClInclude Include="libyara\include\yara\endian.h">
      <Filter>Файлы заголовков</Filter>
    </ClInclude>
    <ClInclude Include="libyara\include\yara\error.h">
      <Filter>Файлы заголовков</Filter>
    </ClInclude>
    <ClInclude Include="libyara\include\yara\exec.h">
      <Filter>Файлы заголовков</Filter>
    </ClInclude>
    <ClInclude Include="libyara\include\yara\filemap.h">
      <Filter>Файлы заголовков</Filter>
    </ClInclude>
    <ClInclude Include="libyara\include\yara\globals.h">
      <Filter>Файлы заголовков</Filter>
    </ClInclude>
    <ClInclude Include="libyara\include\yara\hex_lexer.h">
      <Filter>Файлы заголовков</Filter>
    </ClInclude>
    <ClInclude Include="libyara\include\yara\integers.h">
      <Filter>Файлы заголовков</Filter>
    </ClInclude>
    <ClInclude Include="libyara\include\yara\libyara.h">
      <Filter>Файлы заголовков</Filter>
    </ClInclude>
    <ClInclude Include="libyara\include\yara\limits.h">
      <Filter>Файлы заголовков</Filter>
    </ClInclude>
    <ClInclude Include="libyara\include\yara\proc.h">
      <Filter>Файлы заголовков</Filter>
    </ClInclude>
    <ClInclude Include="libyara\include\yara\pe_utils.h">
      <Filter>Файлы заголовков</Filter>
    </ClInclude>
    <ClInclude Include="libyara\include\yara\pe.h">
      <Filter>Файлы заголовков</Filter>
    </ClInclude>
    <ClInclude Include="libyara\include\yara\parser.h">
      <Filter>Файлы заголовков</Filter>
    </ClInclude>
    <ClInclude Include="libyara\include\yara\object.h">
      <Filter>Файлы заголовков</Filter>
    </ClInclude>
    <ClInclude Include="libyara\include\yara\notebook.h">
      <Filter>Файлы заголовков</Filter>
    </ClInclude>
    <ClInclude Include="libyara\include\yara\mem.h">
      <Filter>Файлы заголовков</Filter>
    </ClInclude>
    <ClInclude Include="libyara\include\yara\macho.h">
      <Filter>Файлы заголовков</Filter>
    </ClInclude>
    <ClInclude Include="libyara\include\yara\lexer.h">
      <Filter>Файлы заголовков</Filter>
    </ClInclude>
    <ClInclude Include="libyara\include\yara\hash.h">
      <Filter>Файлы заголовков</Filter>
    </ClInclude>
    <ClInclude Include="libyara\include\yara\exefiles.h">
      <Filter>Файлы заголовков</Filter>
    </ClInclude>
    <ClInclude Include="libyara\include\yara.h">
      <Filter>Файлы заголовков</Filter>
    </ClInclude>
    <ClInclude Include="libyara\include\yara\crypto.h">
      <Filter>Файлы заголовков</Filter>
    </ClInclude>
    <ClInclude Include="libyara\include\yara\exception.h">
      <Filter>Файлы заголовков</Filter>
    </ClInclude>
    <ClInclude Include="libyara\include\yara\grammar.h">
      <Filter>Файлы заголовков</Filter>
    </ClInclude>
    <ClInclude Include="libyara\include\yara\hex_grammar.h">
      <Filter>Файлы заголовков</Filter>
    </ClInclude>
    <ClInclude Include="libyara\include\yara\re_grammar.h">
      <Filter>Файлы заголовков</Filter>
    </ClInclude>
    <ClInclude Include="libyara\include\yara\modules.h">
      <Filter>Файлы заголовков</Filter>
    </ClInclude>
    <ClInclude Include="libyara\modules\string\string.h">
      <Filter>Файлы заголовков</Filter>
    </ClInclude>
    <ClInclude Include="libyara\modules\pe\pe.h">
      <Filter>Файлы заголовков</Filter>
    </ClInclude>
    <ClInclude Include="libyara\modules\dotnet\dotnet.h">
      <Filter>Файлы заголовков</Filter>
    </ClInclude>
    <ClInclude Include="libyara\modules\hash\hash.h">
      <Filter>Файлы заголовков</Filter>
    </ClInclude>
    <ClInclude Include="libyara\modules\hash\hash_module.h">
      <Filter>Файлы заголовков</Filter>
    </ClInclude>
  </ItemGroup>
  <ItemGroup>
    <None Include="libyara\include\yara\stino.settings" />
  </ItemGroup>
</Project>